
Microsoft Visual Studio Solution File, Format Version 12.00
# Visual Studio 15
VisualStudioVersion = 15.0.28010.2046
MinimumVisualStudioVersion = 10.0.40219.1
Project("{FAE04EC0-301F-11D3-BF4B-00C04F79EFBC}") = "PromotionEnginePOC", "PromotionEnginePOC\PromotionEnginePOC.csproj", "{899043D9-B878-4142-B6AD-87991F0218C1}"
EndProject
Project("{FAE04EC0-301F-11D3-BF4B-00C04F79EFBC}") = "PromotionEnginePOC.Tests", "PromotionEnginePOC.Tests\PromotionEnginePOC.Tests.csproj", "{C3083411-820D-4579-AC45-8722BCA6C75C}"
EndProject
Project("{FAE04EC0-301F-11D3-BF4B-00C04F79EFBC}") = "PromotionEnginePOC.Business", "PromotionEnginePOC.Business\PromotionEnginePOC.Business.csproj", "{FBFC9CF8-FEBF-4F2F-BF23-09CDB6683977}"
EndProject
Project("{FAE04EC0-301F-11D3-BF4B-00C04F79EFBC}") = "PromotionEnginePOC.Entity", "PromotionEnginePOC.Entity\PromotionEnginePOC.Entity.csproj", "{3D4F0060-8E40-4569-9B15-FF1B872956BD}"
EndProject
Project("{FAE04EC0-301F-11D3-BF4B-00C04F79EFBC}") = "PromotionEnginePOC.Rules", "PromotionEnginePOC.Rules\PromotionEnginePOC.Rules.csproj", "{A4C98514-8FE7-429F-94B0-4CE1593577F6}"
EndProject
Global
	GlobalSection(SolutionConfigurationPlatforms) = preSolution
		Debug|Any CPU = Debug|Any CPU
		Release|Any CPU = Release|Any CPU
	EndGlobalSection
	GlobalSection(ProjectConfigurationPlatforms) = postSolution
		{899043D9-B878-4142-B6AD-87991F0218C1}.Debug|Any CPU.ActiveCfg = Debug|Any CPU
		{899043D9-B878-4142-B6AD-87991F0218C1}.Debug|Any CPU.Build.0 = Debug|Any CPU
		{899043D9-B878-4142-B6AD-87991F0218C1}.Release|Any CPU.ActiveCfg = Release|Any CPU
		{899043D9-B878-4142-B6AD-87991F0218C1}.Release|Any CPU.Build.0 = Release|Any CPU
		{C3083411-820D-4579-AC45-8722BCA6C75C}.Debug|Any CPU.ActiveCfg = Debug|Any CPU
		{C3083411-820D-4579-AC45-8722BCA6C75C}.Debug|Any CPU.Build.0 = Debug|Any CPU
		{C3083411-820D-4579-AC45-8722BCA6C75C}.Release|Any CPU.ActiveCfg = Release|Any CPU
		{C3083411-820D-4579-AC45-8722BCA6C75C}.Release|Any CPU.Build.0 = Release|Any CPU
		{FBFC9CF8-FEBF-4F2F-BF23-09CDB6683977}.Debug|Any CPU.ActiveCfg = Debug|Any CPU
		{FBFC9CF8-FEBF-4F2F-BF23-09CDB6683977}.Debug|Any CPU.Build.0 = Debug|Any CPU
		{FBFC9CF8-FEBF-4F2F-BF23-09CDB6683977}.Release|Any CPU.ActiveCfg = Release|Any CPU
		{FBFC9CF8-FEBF-4F2F-BF23-09CDB6683977}.Release|Any CPU.Build.0 = Release|Any CPU
		{3D4F0060-8E40-4569-9B15-FF1B872956BD}.Debug|Any CPU.ActiveCfg = Debug|Any CPU
		{3D4F0060-8E40-4569-9B15-FF1B872956BD}.Debug|Any CPU.Build.0 = Debug|Any CPU
		{3D4F0060-8E40-4569-9B15-FF1B872956BD}.Release|Any CPU.ActiveCfg = Release|Any CPU
		{3D4F0060-8E40-4569-9B15-FF1B872956BD}.Release|Any CPU.Build.0 = Release|Any CPU
		{A4C98514-8FE7-429F-94B0-4CE1593577F6}.Debug|Any CPU.ActiveCfg = Debug|Any CPU
		{A4C98514-8FE7-429F-94B0-4CE1593577F6}.Debug|Any CPU.Build.0 = Debug|Any CPU
		{A4C98514-8FE7-429F-94B0-4CE1593577F6}.Release|Any CPU.ActiveCfg = Release|Any CPU
		{A4C98514-8FE7-429F-94B0-4CE1593577F6}.Release|Any CPU.Build.0 = Release|Any CPU
	EndGlobalSection
	GlobalSection(SolutionProperties) = preSolution
		HideSolutionNode = FALSE
	EndGlobalSection
	GlobalSection(ExtensibilityGlobals) = postSolution
		SolutionGuid = {89C3DF17-C3B3-49A7-B0BE-AA79E256AE0A}
	EndGlobalSection
EndGlobal
